Microsoft Visual Studio Solution File, Format Version 12.00
# Visual Studio 15
VisualStudioVersion = 15.0.26124.0
MinimumVisualStudioVersion = 15.0.26124.0
Project("{2150E333-8FDC-42A3-9474-1A3956D46DE8}") = "src", "src", "{F43E4154-5D1E-456F-8446-223CA874FB8E}"
EndProject
Project("{2150E333-8FDC-42A3-9474-1A3956D46DE8}") = "tests", "tests", "{8AD4740F-2430-42E1-82BC-C30A0B5FBBAC}"
EndProject
Project("{9A19103F-16F7-4668-BE54-9A1E7A4F7556}") = "Lift", "src\Lift\Lift.csproj", "{70877899-37A7-46B0-B845-ACDCAB4ED62B}"
EndProject
Project("{FAE04EC0-301F-11D3-BF4B-00C04F79EFBC}") = "Lift.Tests", "tests\Lift.Tests\Lift.Tests.csproj", "{E609CA22-9A0A-413A-A95D-77E4E9E264A3}"
EndProject
Global
	GlobalSection(SolutionConfigurationPlatforms) = preSolution
		Debug|Any CPU = Debug|Any CPU
		Debug|x64 = Debug|x64
		Debug|x86 = Debug|x86
		Release|Any CPU = Release|Any CPU
		Release|x64 = Release|x64
		Release|x86 = Release|x86
	EndGlobalSection
	GlobalSection(ProjectConfigurationPlatforms) = postSolution
		{70877899-37A7-46B0-B845-ACDCAB4ED62B}.Debug|Any CPU.ActiveCfg = Debug|Any CPU
		{70877899-37A7-46B0-B845-ACDCAB4ED62B}.Debug|Any CPU.Build.0 = Debug|Any CPU
		{70877899-37A7-46B0-B845-ACDCAB4ED62B}.Debug|x64.ActiveCfg = Debug|Any CPU
		{70877899-37A7-46B0-B845-ACDCAB4ED62B}.Debug|x64.Build.0 = Debug|Any CPU
		{70877899-37A7-46B0-B845-ACDCAB4ED62B}.Debug|x86.ActiveCfg = Debug|Any CPU
		{70877899-37A7-46B0-B845-ACDCAB4ED62B}.Debug|x86.Build.0 = Debug|Any CPU
		{70877899-37A7-46B0-B845-ACDCAB4ED62B}.Release|Any CPU.ActiveCfg = Release|Any CPU
		{70877899-37A7-46B0-B845-ACDCAB4ED62B}.Release|Any CPU.Build.0 = Release|Any CPU
		{70877899-37A7-46B0-B845-ACDCAB4ED62B}.Release|x64.ActiveCfg = Release|Any CPU
		{70877899-37A7-46B0-B845-ACDCAB4ED62B}.Release|x64.Build.0 = Release|Any CPU
		{70877899-37A7-46B0-B845-ACDCAB4ED62B}.Release|x86.ActiveCfg = Release|Any CPU
		{70877899-37A7-46B0-B845-ACDCAB4ED62B}.Release|x86.Build.0 = Release|Any CPU
		{E609CA22-9A0A-413A-A95D-77E4E9E264A3}.Debug|Any CPU.ActiveCfg = Debug|Any CPU
		{E609CA22-9A0A-413A-A95D-77E4E9E264A3}.Debug|Any CPU.Build.0 = Debug|Any CPU
		{E609CA22-9A0A-413A-A95D-77E4E9E264A3}.Debug|x64.ActiveCfg = Debug|Any CPU
		{E609CA22-9A0A-413A-A95D-77E4E9E264A3}.Debug|x64.Build.0 = Debug|Any CPU
		{E609CA22-9A0A-413A-A95D-77E4E9E264A3}.Debug|x86.ActiveCfg = Debug|Any CPU
		{E609CA22-9A0A-413A-A95D-77E4E9E264A3}.Debug|x86.Build.0 = Debug|Any CPU
		{E609CA22-9A0A-413A-A95D-77E4E9E264A3}.Release|Any CPU.ActiveCfg = Release|Any CPU
		{E609CA22-9A0A-413A-A95D-77E4E9E264A3}.Release|Any CPU.Build.0 = Release|Any CPU
		{E609CA22-9A0A-413A-A95D-77E4E9E264A3}.Release|x64.ActiveCfg = Release|Any CPU
		{E609CA22-9A0A-413A-A95D-77E4E9E264A3}.Release|x64.Build.0 = Release|Any CPU
		{E609CA22-9A0A-413A-A95D-77E4E9E264A3}.Release|x86.ActiveCfg = Release|Any CPU
		{E609CA22-9A0A-413A-A95D-77E4E9E264A3}.Release|x86.Build.0 = Release|Any CPU
	EndGlobalSection
	GlobalSection(SolutionProperties) = preSolution
		HideSolutionNode = FALSE
	EndGlobalSection
	GlobalSection(NestedProjects) = preSolution
		{70877899-37A7-46B0-B845-ACDCAB4ED62B} = {F43E4154-5D1E-456F-8446-223CA874FB8E}
		{E609CA22-9A0A-413A-A95D-77E4E9E264A3} = {8AD4740F-2430-42E1-82BC-C30A0B5FBBAC}
	EndGlobalSection
	GlobalSection(ExtensibilityGlobals) = postSolution
		SolutionGuid = {08CE3CD5-F953-4265-BFB9-F5BA6EFF686A}
	EndGlobalSection
EndGlobal
